// !$*UTF8*$!
{
	archiveVersion = 1;
	classes = {
	};
	objectVersion = 46;
	objects = {

/* Begin PBXBuildFile section */
		FFEF20381C50CD3A0056B25C /* main.m in Sources */ = {isa = PBXBuildFile; fileRef = FFEF20371C50CD3A0056B25C /* main.m */; };
		FFEF203B1C50CD3B0056B25C /* AppDelegate.m in Sources */ = {isa = PBXBuildFile; fileRef = FFEF203A1C50CD3B0056B25C /* AppDelegate.m */; };
		FFEF203E1C50CD3B0056B25C /* ViewController.m in Sources */ = {isa = PBXBuildFile; fileRef = FFEF203D1C50CD3B0056B25C /* ViewController.m */; };
		FFEF20411C50CD3B0056B25C /* Main.storyboard in Resources */ = {isa = PBXBuildFile; fileRef = FFEF203F1C50CD3B0056B25C /* Main.storyboard */; };
		FFEF20441C50CD3B0056B25C /* Architecture.xcdatamodeld in Sources */ = {isa = PBXBuildFile; fileRef = FFEF20421C50CD3B0056B25C /* Architecture.xcdatamodeld */; };
		FFEF20461C50CD3B0056B25C /* Assets.xcassets in Resources */ = {isa = PBXBuildFile; fileRef = FFEF20451C50CD3B0056B25C /* Assets.xcassets */; };
		FFEF20491C50CD3B0056B25C /* LaunchScreen.storyboard in Resources */ = {isa = PBXBuildFile; fileRef = FFEF20471C50CD3B0056B25C /* LaunchScreen.storyboard */; };
		FFEF20551C50CD900056B25C /* SAPBaseCoreDataObject.m in Sources */ = {isa = PBXBuildFile; fileRef = FFEF20541C50CD900056B25C /* SAPBaseCoreDataObject.m */; };
		FFEF205B1C50CDAC0056B25C /* InboxAppBaseService.m in Sources */ = {isa = PBXBuildFile; fileRef = FFEF20591C50CDAC0056B25C /* InboxAppBaseService.m */; };
		FFEF20621C50CDDA0056B25C /* InboxAppTask.m in Sources */ = {isa = PBXBuildFile; fileRef = FFEF205D1C50CDDA0056B25C /* InboxAppTask.m */; };
		FFEF20631C50CDDA0056B25C /* InboxAppQueueManager.m in Sources */ = {isa = PBXBuildFile; fileRef = FFEF205F1C50CDDA0056B25C /* InboxAppQueueManager.m */; };
		FFEF20641C50CDDA0056B25C /* InboxAppTaskForwardCenter.m in Sources */ = {isa = PBXBuildFile; fileRef = FFEF20611C50CDDA0056B25C /* InboxAppTaskForwardCenter.m */; };
		FFEF20671C50CDE30056B25C /* InboxAppRequestManager.m in Sources */ = {isa = PBXBuildFile; fileRef = FFEF20661C50CDE30056B25C /* InboxAppRequestManager.m */; };
		FFEF20691C50CF030056B25C /* MagicalRecord.framework in Frameworks */ = {isa = PBXBuildFile; fileRef = FFEF20681C50CF030056B25C /* MagicalRecord.framework */; };
		FFEF206E1C50CFB10056B25C /* NSString+TCEExt.m in Sources */ = {isa = PBXBuildFile; fileRef = FFEF206D1C50CFB10056B25C /* NSString+TCEExt.m */; };
		FFEF20721C51FB170056B25C /* AFNetworking.framework in Frameworks */ = {isa = PBXBuildFile; fileRef = FFEF20711C51FB170056B25C /* AFNetworking.framework */; };
		FFEF20751C51FC830056B25C /* InboxAppDemoService.m in Sources */ = {isa = PBXBuildFile; fileRef = FFEF20741C51FC830056B25C /* InboxAppDemoService.m */; };
		FFEF20801C51FED30056B25C /* People+CoreDataProperties.m in Sources */ = {isa = PBXBuildFile; fileRef = FFEF207D1C51FED30056B25C /* People+CoreDataProperties.m */; };
		FFEF20841C51FEEB0056B25C /* People.m in Sources */ = {isa = PBXBuildFile; fileRef = FFEF20831C51FEEB0056B25C /* People.m */; };
/* End PBXBuildFile section */

/* Begin PBXFileReference section */
		FFEF20331C50CD3A0056B25C /* Architecture.app */ = {isa = PBXFileReference; explicitFileType = wrapper.application; includeInIndex = 0; path = Architecture.app; sourceTree = BUILT_PRODUCTS_DIR; };
		FFEF20371C50CD3A0056B25C /* main.m */ = {isa = PBXFileReference; lastKnownFileType = sourcecode.c.objc; path = main.m; sourceTree = "<group>"; };
		FFEF20391C50CD3B0056B25C /* AppDelegate.h */ = {isa = PBXFileReference; lastKnownFileType = sourcecode.c.h; path = AppDelegate.h; sourceTree = "<group>"; };
		FFEF203A1C50CD3B0056B25C /* AppDelegate.m */ = {isa = PBXFileReference; lastKnownFileType = sourcecode.c.objc; path = AppDelegate.m; sourceTree = "<group>"; };
		FFEF203C1C50CD3B0056B25C /* ViewController.h */ = {isa = PBXFileReference; lastKnownFileType = sourcecode.c.h; path = ViewController.h; sourceTree = "<group>"; };
		FFEF203D1C50CD3B0056B25C /* ViewController.m */ = {isa = PBXFileReference; lastKnownFileType = sourcecode.c.objc; path = ViewController.m; sourceTree = "<group>"; };
		FFEF20401C50CD3B0056B25C /* Base */ = {isa = PBXFileReference; lastKnownFileType = file.storyboard; name = Base; path = Base.lproj/Main.storyboard; sourceTree = "<group>"; };
		FFEF20431C50CD3B0056B25C /* Architecture.xcdatamodel */ = {isa = PBXFileReference; lastKnownFileType = wrapper.xcdatamodel; path = Architecture.xcdatamodel; sourceTree = "<group>"; };
		FFEF20451C50CD3B0056B25C /* Assets.xcassets */ = {isa = PBXFileReference; lastKnownFileType = folder.assetcatalog; path = Assets.xcassets; sourceTree = "<group>"; };
		FFEF20481C50CD3B0056B25C /* Base */ = {isa = PBXFileReference; lastKnownFileType = file.storyboard; name = Base; path = Base.lproj/LaunchScreen.storyboard; sourceTree = "<group>"; };
		FFEF204A1C50CD3B0056B25C /* Info.plist */ = {isa = PBXFileReference; lastKnownFileType = text.plist.xml; path = Info.plist; sourceTree = "<group>"; };
		FFEF20531C50CD900056B25C /* SAPBaseCoreDataObject.h */ = {isa = PBXFileReference; fileEncoding = 4; lastKnownFileType = sourcecode.c.h; path = SAPBaseCoreDataObject.h; sourceTree = "<group>"; };
		FFEF20541C50CD900056B25C /* SAPBaseCoreDataObject.m */ = {isa = PBXFileReference; fileEncoding = 4; lastKnownFileType = sourcecode.c.objc; path = SAPBaseCoreDataObject.m; sourceTree = "<group>"; };
		FFEF20581C50CDAC0056B25C /* InboxAppBaseService.h */ = {isa = PBXFileReference; fileEncoding = 4; lastKnownFileType = sourcecode.c.h; path = InboxAppBaseService.h; sourceTree = "<group>"; };
		FFEF20591C50CDAC0056B25C /* InboxAppBaseService.m */ = {isa = PBXFileReference; fileEncoding = 4; lastKnownFileType = sourcecode.c.objc; path = InboxAppBaseService.m; sourceTree = "<group>"; };
		FFEF205C1C50CDDA0056B25C /* InboxAppTask.h */ = {isa = PBXFileReference; fileEncoding = 4; lastKnownFileType = sourcecode.c.h; path = InboxAppTask.h; sourceTree = "<group>"; };
		FFEF205D1C50CDDA0056B25C /* InboxAppTask.m */ = {isa = PBXFileReference; fileEncoding = 4; lastKnownFileType = sourcecode.c.objc; path = InboxAppTask.m; sourceTree = "<group>"; };
		FFEF205E1C50CDDA0056B25C /* InboxAppQueueManager.h */ = {isa = PBXFileReference; fileEncoding = 4; lastKnownFileType = sourcecode.c.h; path = InboxAppQueueManager.h; sourceTree = "<group>"; };
		FFEF205F1C50CDDA0056B25C /* InboxAppQueueManager.m */ = {isa = PBXFileReference; fileEncoding = 4; lastKnownFileType = sourcecode.c.objc; path = InboxAppQueueManager.m; sourceTree = "<group>"; };
		FFEF20601C50CDDA0056B25C /* InboxAppTaskForwardCenter.h */ = {isa = PBXFileReference; fileEncoding = 4; lastKnownFileType = sourcecode.c.h; path = InboxAppTaskForwardCenter.h; sourceTree = "<group>"; };
		FFEF20611C50CDDA0056B25C /* InboxAppTaskForwardCenter.m */ = {isa = PBXFileReference; fileEncoding = 4; lastKnownFileType = sourcecode.c.objc; path = InboxAppTaskForwardCenter.m; sourceTree = "<group>"; };
		FFEF20651C50CDE30056B25C /* InboxAppRequestManager.h */ = {isa = PBXFileReference; fileEncoding = 4; lastKnownFileType = sourcecode.c.h; path = InboxAppRequestManager.h; sourceTree = "<group>"; };
		FFEF20661C50CDE30056B25C /* InboxAppRequestManager.m */ = {isa = PBXFileReference; fileEncoding = 4; lastKnownFileType = sourcecode.c.objc; path = InboxAppRequestManager.m; sourceTree = "<group>"; };
		FFEF20681C50CF030056B25C /* MagicalRecord.framework */ = {isa = PBXFileReference; lastKnownFileType = wrapper.framework; name = MagicalRecord.framework; path = Carthage/Build/iOS/MagicalRecord.framework; sourceTree = "<group>"; };
		FFEF206B1C50CF500056B25C /* HPCommonMacro.h */ = {isa = PBXFileReference; lastKnownFileType = sourcecode.c.h; path = HPCommonMacro.h; sourceTree = "<group>"; };
		FFEF206C1C50CFB10056B25C /* NSString+TCEExt.h */ = {isa = PBXFileReference; fileEncoding = 4; lastKnownFileType = sourcecode.c.h; path = "NSString+TCEExt.h"; sourceTree = "<group>"; };
		FFEF206D1C50CFB10056B25C /* NSString+TCEExt.m */ = {isa = PBXFileReference; fileEncoding = 4; lastKnownFileType = sourcecode.c.objc; path = "NSString+TCEExt.m"; sourceTree = "<group>"; };
		FFEF20711C51FB170056B25C /* AFNetworking.framework */ = {isa = PBXFileReference; lastKnownFileType = wrapper.framework; name = AFNetworking.framework; path = Carthage/Build/iOS/AFNetworking.framework; sourceTree = "<group>"; };
		FFEF20731C51FC830056B25C /* InboxAppDemoService.h */ = {isa = PBXFileReference; fileEncoding = 4; lastKnownFileType = sourcecode.c.h; path = InboxAppDemoService.h; sourceTree = "<group>"; };
		FFEF20741C51FC830056B25C /* InboxAppDemoService.m */ = {isa = PBXFileReference; fileEncoding = 4; lastKnownFileType = sourcecode.c.objc; path = InboxAppDemoService.m; sourceTree = "<group>"; };
		FFEF207C1C51FED30056B25C /* People+CoreDataProperties.h */ = {isa = PBXFileReference; fileEncoding = 4; lastKnownFileType = sourcecode.c.h; path = "People+CoreDataProperties.h"; sourceTree = "<group>"; };
		FFEF207D1C51FED30056B25C /* People+CoreDataProperties.m */ = {isa = PBXFileReference; fileEncoding = 4; lastKnownFileType = sourcecode.c.objc; path = "People+CoreDataProperties.m"; sourceTree = "<group>"; };
		FFEF20821C51FEEB0056B25C /* People.h */ = {isa = PBXFileReference; fileEncoding = 4; lastKnownFileType = sourcecode.c.h; path = People.h; sourceTree = "<group>"; };
		FFEF20831C51FEEB0056B25C /* People.m */ = {isa = PBXFileReference; fileEncoding = 4; lastKnownFileType = sourcecode.c.objc; path = People.m; sourceTree = "<group>"; };
/* End PBXFileReference section */

/* Begin PBXFrameworksBuildPhase section */
		FFEF20301C50CD3A0056B25C /* Frameworks */ = {
			isa = PBXFrameworksBuildPhase;
			buildActionMask = 2147483647;
			files = (
				FFEF20721C51FB170056B25C /* AFNetworking.framework in Frameworks */,
				FFEF20691C50CF030056B25C /* MagicalRecord.framework in Frameworks */,
			);
			runOnlyForDeploymentPostprocessing = 0;
		};
/* End PBXFrameworksBuildPhase section */

/* Begin PBXGroup section */
		FFEF202A1C50CD3A0056B25C = {
			isa = PBXGroup;
			children = (
				FFEF20711C51FB170056B25C /* AFNetworking.framework */,
				FFEF20681C50CF030056B25C /* MagicalRecord.framework */,
				FFEF20351C50CD3A0056B25C /* Architecture */,
				FFEF20341C50CD3A0056B25C /* Products */,
			);
			sourceTree = "<group>";
		};
		FFEF20341C50CD3A0056B25C /* Products */ = {
			isa = PBXGroup;
			children = (
				FFEF20331C50CD3A0056B25C /* Architecture.app */,
			);
			name = Products;
			sourceTree = "<group>";
		};
		FFEF20351C50CD3A0056B25C /* Architecture */ = {
			isa = PBXGroup;
			children = (
				FFEF206A1C50CF490056B25C /* Util */,
				FFEF20501C50CD700056B25C /* Model */,
				FFEF20511C50CD700056B25C /* Service */,
				FFEF20521C50CD700056B25C /* TaskManager */,
				FFEF20391C50CD3B0056B25C /* AppDelegate.h */,
				FFEF203A1C50CD3B0056B25C /* AppDelegate.m */,
				FFEF203C1C50CD3B0056B25C /* ViewController.h */,
				FFEF203D1C50CD3B0056B25C /* ViewController.m */,
				FFEF203F1C50CD3B0056B25C /* Main.storyboard */,
				FFEF20451C50CD3B0056B25C /* Assets.xcassets */,
				FFEF20471C50CD3B0056B25C /* LaunchScreen.storyboard */,
				FFEF204A1C50CD3B0056B25C /* Info.plist */,
				FFEF20421C50CD3B0056B25C /* Architecture.xcdatamodeld */,
				FFEF20361C50CD3A0056B25C /* Supporting Files */,
			);
			path = Architecture;
			sourceTree = "<group>";
		};
		FFEF20361C50CD3A0056B25C /* Supporting Files */ = {
			isa = PBXGroup;
			children = (
				FFEF20371C50CD3A0056B25C /* main.m */,
			);
			name = "Supporting Files";
			sourceTree = "<group>";
		};
		FFEF20501C50CD700056B25C /* Model */ = {
			isa = PBXGroup;
			children = (
				FFEF20531C50CD900056B25C /* SAPBaseCoreDataObject.h */,
				FFEF20541C50CD900056B25C /* SAPBaseCoreDataObject.m */,
				FFEF207C1C51FED30056B25C /* People+CoreDataProperties.h */,
				FFEF207D1C51FED30056B25C /* People+CoreDataProperties.m */,
				FFEF20821C51FEEB0056B25C /* People.h */,
				FFEF20831C51FEEB0056B25C /* People.m */,
			);
			path = Model;
			sourceTree = "<group>";
		};
		FFEF20511C50CD700056B25C /* Service */ = {
			isa = PBXGroup;
			children = (
				FFEF20651C50CDE30056B25C /* InboxAppRequestManager.h */,
				FFEF20661C50CDE30056B25C /* InboxAppRequestManager.m */,
				FFEF20581C50CDAC0056B25C /* InboxAppBaseService.h */,
				FFEF20591C50CDAC0056B25C /* InboxAppBaseService.m */,
				FFEF20731C51FC830056B25C /* InboxAppDemoService.h */,
				FFEF20741C51FC830056B25C /* InboxAppDemoService.m */,
			);
			path = Service;
			sourceTree = "<group>";
		};
		FFEF20521C50CD700056B25C /* TaskManager */ = {
			isa = PBXGroup;
			children = (
				FFEF205C1C50CDDA0056B25C /* InboxAppTask.h */,
				FFEF205D1C50CDDA0056B25C /* InboxAppTask.m */,
				FFEF205E1C50CDDA0056B25C /* InboxAppQueueManager.h */,
				FFEF205F1C50CDDA0056B25C /* InboxAppQueueManager.m */,
				FFEF20601C50CDDA0056B25C /* InboxAppTaskForwardCenter.h */,
				FFEF20611C50CDDA0056B25C /* InboxAppTaskForwardCenter.m */,
			);
			path = TaskManager;
			sourceTree = "<group>";
		};
		FFEF206A1C50CF490056B25C /* Util */ = {
			isa = PBXGroup;
			children = (
				FFEF206C1C50CFB10056B25C /* NSString+TCEExt.h */,
				FFEF206D1C50CFB10056B25C /* NSString+TCEExt.m */,
				FFEF206B1C50CF500056B25C /* HPCommonMacro.h */,
			);
			path = Util;
			sourceTree = "<group>";
		};
/* End PBXGroup section */

/* Begin PBXNativeTarget section */
		FFEF20321C50CD3A0056B25C /* Architecture */ = {
			isa = PBXNativeTarget;
			buildConfigurationList = FFEF204D1C50CD3B0056B25C /* Build configuration list for PBXNativeTarget "Architecture" */;
			buildPhases = (
				FFEF202F1C50CD3A0056B25C /* Sources */,
				FFEF20301C50CD3A0056B25C /* Frameworks */,
				FFEF20311C50CD3A0056B25C /* Resources */,
			);
			buildRules = (
			);
			dependencies = (
			);
			name = Architecture;
			productName = Architecture;
			productReference = FFEF20331C50CD3A0056B25C /* Architecture.app */;
			productType = "com.apple.product-type.application";
		};
/* End PBXNativeTarget section */

/* Begin PBXProject section */
		FFEF202B1C50CD3A0056B25C /* Project object */ = {
			isa = PBXProject;
			attributes = {
				LastUpgradeCheck = 0720;
				ORGANIZATIONNAME = "Hu, Peng";
				TargetAttributes = {
					FFEF20321C50CD3A0056B25C = {
						CreatedOnToolsVersion = 7.2;
					};
				};
			};
			buildConfigurationList = FFEF202E1C50CD3A0056B25C /* Build configuration list for PBXProject "Architecture" */;
			compatibilityVersion = "Xcode 3.2";
			developmentRegion = English;
			hasScannedForEncodings = 0;
			knownRegions = (
				en,
				Base,
			);
			mainGroup = FFEF202A1C50CD3A0056B25C;
			productRefGroup = FFEF20341C50CD3A0056B25C /* Products */;
			projectDirPath = "";
			projectRoot = "";
			targets = (
				FFEF20321C50CD3A0056B25C /* Architecture */,
			);
		};
/* End PBXProject section */

/* Begin PBXResourcesBuildPhase section */
		FFEF20311C50CD3A0056B25C /* Resources */ = {
			isa = PBXResourcesBuildPhase;
			buildActionMask = 2147483647;
			files = (
				FFEF20491C50CD3B0056B25C /* LaunchScreen.storyboard in Resources */,
				FFEF20461C50CD3B0056B25C /* Assets.xcassets in Resources */,
				FFEF20411C50CD3B0056B25C /* Main.storyboard in Resources */,
			);
			runOnlyForDeploymentPostprocessing = 0;
		};
/* End PBXResourcesBuildPhase section */

/* Begin PBXSourcesBuildPhase section */
		FFEF202F1C50CD3A0056B25C /* Sources */ = {
			isa = PBXSourcesBuildPhase;
			buildActionMask = 2147483647;
			files = (
				FFEF20671C50CDE30056B25C /* InboxAppRequestManager.m in Sources */,
				FFEF205B1C50CDAC0056B25C /* InboxAppBaseService.m in Sources */,
				FFEF20551C50CD900056B25C /* SAPBaseCoreDataObject.m in Sources */,
				FFEF20801C51FED30056B25C /* People+CoreDataProperties.m in Sources */,
				FFEF20631C50CDDA0056B25C /* InboxAppQueueManager.m in Sources */,
				FFEF20441C50CD3B0056B25C /* Architecture.xcdatamodeld in Sources */,
				FFEF20641C50CDDA0056B25C /* InboxAppTaskForwardCenter.m in Sources */,
				FFEF20621C50CDDA0056B25C /* InboxAppTask.m in Sources */,
				FFEF206E1C50CFB10056B25C /* NSString+TCEExt.m in Sources */,
				FFEF203E1C50CD3B0056B25C /* ViewController.m in Sources */,
				FFEF20841C51FEEB0056B25C /* People.m in Sources */,
				FFEF203B1C50CD3B0056B25C /* AppDelegate.m in Sources */,
				FFEF20381C50CD3A0056B25C /* main.m in Sources */,
				FFEF20751C51FC830056B25C /* InboxAppDemoService.m in Sources */,
			);
			runOnlyForDeploymentPostprocessing = 0;
		};
/* End PBXSourcesBuildPhase section */

/* Begin PBXVariantGroup section */
		FFEF203F1C50CD3B0056B25C /* Main.storyboard */ = {
			isa = PBXVariantGroup;
			children = (
				FFEF20401C50CD3B0056B25C /* Base */,
			);
			name = Main.storyboard;
			sourceTree = "<group>";
		};
		FFEF20471C50CD3B0056B25C /* LaunchScreen.storyboard */ = {
			isa = PBXVariantGroup;
			children = (
				FFEF20481C50CD3B0056B25C /* Base */,
			);
			name = LaunchScreen.storyboard;
			sourceTree = "<group>";
		};
/* End PBXVariantGroup section */

/* Begin XCBuildConfiguration section */
		FFEF204B1C50CD3B0056B25C /* Debug */ = {
			isa = XCBuildConfiguration;
			buildSettings = {
				ALWAYS_SEARCH_USER_PATHS = NO;
				CLANG_CXX_LANGUAGE_STANDARD = "gnu++0x";
				CLANG_CXX_LIBRARY = "libc++";
				CLANG_ENABLE_MODULES = YES;
				CLANG_ENABLE_OBJC_ARC = YES;
				CLANG_WARN_BOOL_CONVERSION = YES;
				CLANG_WARN_CONSTANT_CONVERSION = YES;
				CLANG_WARN_DIRECT_OBJC_ISA_USAGE = YES_ERROR;
				CLANG_WARN_EMPTY_BODY = YES;
				CLANG_WARN_ENUM_CONVERSION = YES;
				CLANG_WARN_INT_CONVERSION = YES;
				CLANG_WARN_OBJC_ROOT_CLASS = YES_ERROR;
				CLANG_WARN_UNREACHABLE_CODE = YES;
				CLANG_WARN__DUPLICATE_METHOD_MATCH = YES;
				"CODE_SIGN_IDENTITY[sdk=iphoneos*]" = "iPhone Developer";
				COPY_PHASE_STRIP = NO;
				DEBUG_INFORMATION_FORMAT = dwarf;
				ENABLE_STRICT_OBJC_MSGSEND = YES;
				ENABLE_TESTABILITY = YES;
				GCC_C_LANGUAGE_STANDARD = gnu99;
				GCC_DYNAMIC_NO_PIC = NO;
				GCC_NO_COMMON_BLOCKS = YES;
				GCC_OPTIMIZATION_LEVEL = 0;
				GCC_PREPROCESSOR_DEFINITIONS = (
					"DEBUG=1",
					"$(inherited)",
				);
				GCC_WARN_64_TO_32_BIT_CONVERSION = YES;
				GCC_WARN_ABOUT_RETURN_TYPE = YES_ERROR;
				GCC_WARN_UNDECLARED_SELECTOR = YES;
				GCC_WARN_UNINITIALIZED_AUTOS = YES_AGGRESSIVE;
				GCC_WARN_UNUSED_FUNCTION = YES;
				GCC_WARN_UNUSED_VARIABLE = YES;
				IPHONEOS_DEPLOYMENT_TARGET = 9.2;
				MTL_ENABLE_DEBUG_INFO = YES;
				ONLY_ACTIVE_ARCH = YES;
				SDKROOT = iphoneos;
				TARGETED_DEVICE_FAMILY = "1,2";
			};
			name = Debug;
		};
		FFEF204C1C50CD3B0056B25C /* Release */ = {
			isa = XCBuildConfiguration;
			buildSettings = {
				ALWAYS_SEARCH_USER_PATHS = NO;
				CLANG_CXX_LANGUAGE_STANDARD = "gnu++0x";
				CLANG_CXX_LIBRARY = "libc++";
				CLANG_ENABLE_MODULES = YES;
				CLANG_ENABLE_OBJC_ARC = YES;
				CLANG_WARN_BOOL_CONVERSION = YES;
				CLANG_WARN_CONSTANT_CONVERSION = YES;
				CLANG_WARN_DIRECT_OBJC_ISA_USAGE = YES_ERROR;
				CLANG_WARN_EMPTY_BODY = YES;
				CLANG_WARN_ENUM_CONVERSION = YES;
				CLANG_WARN_INT_CONVERSION = YES;
				CLANG_WARN_OBJC_ROOT_CLASS = YES_ERROR;
				CLANG_WARN_UNREACHABLE_CODE = YES;
				CLANG_WARN__DUPLICATE_METHOD_MATCH = YES;
				"CODE_SIGN_IDENTITY[sdk=iphoneos*]" = "iPhone Developer";
				COPY_PHASE_STRIP = NO;
				DEBUG_INFORMATION_FORMAT = "dwarf-with-dsym";
				ENABLE_NS_ASSERTIONS = NO;
				ENABLE_STRICT_OBJC_MSGSEND = YES;
				GCC_C_LANGUAGE_STANDARD = gnu99;
				GCC_NO_COMMON_BLOCKS = YES;
				GCC_WARN_64_TO_32_BIT_CONVERSION = YES;
				GCC_WARN_ABOUT_RETURN_TYPE = YES_ERROR;
				GCC_WARN_UNDECLARED_SELECTOR = YES;
				GCC_WARN_UNINITIALIZED_AUTOS = YES_AGGRESSIVE;
				GCC_WARN_UNUSED_FUNCTION = YES;
				GCC_WARN_UNUSED_VARIABLE = YES;
				IPHONEOS_DEPLOYMENT_TARGET = 9.2;
				MTL_ENABLE_DEBUG_INFO = NO;
				SDKROOT = iphoneos;
				TARGETED_DEVICE_FAMILY = "1,2";
				VALIDATE_PRODUCT = YES;
			};
			name = Release;
		};
		FFEF204E1C50CD3B0056B25C /* Debug */ = {
			isa = XCBuildConfiguration;
			buildSettings = {
				ASSETCATALOG_COMPILER_APPICON_NAME = AppIcon;
				FRAMEWORK_SEARCH_PATHS = (
					"$(inherited)",
					"$(PROJECT_DIR)/Carthage/Build/iOS",
				);
				INFOPLIST_FILE = Architecture/Info.plist;
				LD_RUNPATH_SEARCH_PATHS = "$(inherited) @executable_path/Frameworks";
				PRODUCT_BUNDLE_IDENTIFIER = Personal.Architecture;
				PRODUCT_NAME = "$(TARGET_NAME)";
			};
			name = Debug;
		};
		FFEF204F1C50CD3B0056B25C /* Release */ = {
			isa = XCBuildConfiguration;
			buildSettings = {
				ASSETCATALOG_COMPILER_APPICON_NAME = AppIcon;
				FRAMEWORK_SEARCH_PATHS = (
					"$(inherited)",
					"$(PROJECT_DIR)/Carthage/Build/iOS",
				);
				INFOPLIST_FILE = Architecture/Info.plist;
				LD_RUNPATH_SEARCH_PATHS = "$(inherited) @executable_path/Frameworks";
				PRODUCT_BUNDLE_IDENTIFIER = Personal.Architecture;
				PRODUCT_NAME = "$(TARGET_NAME)";
			};
			name = Release;
		};
/* End XCBuildConfiguration section */

/* Begin XCConfigurationList section */
		FFEF202E1C50CD3A0056B25C /* Build configuration list for PBXProject "Architecture" */ = {
			isa = XCConfigurationList;
			buildConfigurations = (
				FFEF204B1C50CD3B0056B25C /* Debug */,
				FFEF204C1C50CD3B0056B25C /* Release */,
			);
			defaultConfigurationIsVisible = 0;
			defaultConfigurationName = Release;
		};
		FFEF204D1C50CD3B0056B25C /* Build configuration list for PBXNativeTarget "Architecture" */ = {
			isa = XCConfigurationList;
			buildConfigurations = (
				FFEF204E1C50CD3B0056B25C /* Debug */,
				FFEF204F1C50CD3B0056B25C /* Release */,
			);
			defaultConfigurationIsVisible = 0;
			defaultConfigurationName = Release;
		};
/* End XCConfigurationList section */

/* Begin XCVersionGroup section */
		FFEF20421C50CD3B0056B25C /* Architecture.xcdatamodeld */ = {
			isa = XCVersionGroup;
			children = (
				FFEF20431C50CD3B0056B25C /* Architecture.xcdatamodel */,
			);
			currentVersion = FFEF20431C50CD3B0056B25C /* Architecture.xcdatamodel */;
			path = Architecture.xcdatamodeld;
			sourceTree = "<group>";
			versionGroupType = wrapper.xcdatamodel;
		};
/* End XCVersionGroup section */
	};
	rootObject = FFEF202B1C50CD3A0056B25C /* Project object */;
}
